
Microsoft Visual Studio Solution File, Format Version 12.00
# Visual Studio Version 16
VisualStudioVersion = 16.0.29613.14
MinimumVisualStudioVersion = 10.0.40219.1
Project("{FAE04EC0-301F-11D3-BF4B-00C04F79EFBC}") = "JunoApiIntegration", "JunoApiIntegration\JunoApiIntegration.csproj", "{D6A0D727-BAED-4333-B294-40E4092C2D13}"
EndProject
Project("{FAE04EC0-301F-11D3-BF4B-00C04F79EFBC}") = "JunoApiIntegrationTest", "JunoApiIntegrationTest\JunoApiIntegrationTest.csproj", "{72D58B93-57B4-40EE-BB74-509DD1EE603A}"
EndProject
Global
	GlobalSection(SolutionConfigurationPlatforms) = preSolution
		Debug|Any CPU = Debug|Any CPU
		Release|Any CPU = Release|Any CPU
	EndGlobalSection
	GlobalSection(ProjectConfigurationPlatforms) = postSolution
		{D6A0D727-BAED-4333-B294-40E4092C2D13}.Debug|Any CPU.ActiveCfg = Debug|Any CPU
		{D6A0D727-BAED-4333-B294-40E4092C2D13}.Debug|Any CPU.Build.0 = Debug|Any CPU
		{D6A0D727-BAED-4333-B294-40E4092C2D13}.Release|Any CPU.ActiveCfg = Release|Any CPU
		{D6A0D727-BAED-4333-B294-40E4092C2D13}.Release|Any CPU.Build.0 = Release|Any CPU
		{72D58B93-57B4-40EE-BB74-509DD1EE603A}.Debug|Any CPU.ActiveCfg = Debug|Any CPU
		{72D58B93-57B4-40EE-BB74-509DD1EE603A}.Debug|Any CPU.Build.0 = Debug|Any CPU
		{72D58B93-57B4-40EE-BB74-509DD1EE603A}.Release|Any CPU.ActiveCfg = Release|Any CPU
		{72D58B93-57B4-40EE-BB74-509DD1EE603A}.Release|Any CPU.Build.0 = Release|Any CPU
	EndGlobalSection
	GlobalSection(SolutionProperties) = preSolution
		HideSolutionNode = FALSE
	EndGlobalSection
	GlobalSection(ExtensibilityGlobals) = postSolution
		SolutionGuid = {D69F110E-FF9C-44BE-B6C3-AF2027138176}
	EndGlobalSection
EndGlobal
